
Microsoft Visual Studio Solution File, Format Version 12.00
# Visual Studio 15
VisualStudioVersion = 15.0.27130.2027
MinimumVisualStudioVersion = 10.0.40219.1
Project("{8BC9CEB8-8B4A-11D0-8D11-00A0C91BC942}") = "task1var2", "task1var2\task1var2.vcxproj", "{50BE7D2D-78B5-4674-BDEF-AE21B3D6497E}"
EndProject
Project("{8BC9CEB8-8B4A-11D0-8D11-00A0C91BC942}") = "Vector3DTests", "task1var2\Vector3DTests\Vector3DTests.vcxproj", "{7880A8C1-12D8-4ED0-9876-4831C42A2650}"
EndProject
Global
	GlobalSection(SolutionConfigurationPlatforms) = preSolution
		Debug|x64 = Debug|x64
		Debug|x86 = Debug|x86
		Release|x64 = Release|x64
		Release|x86 = Release|x86
	EndGlobalSection
	GlobalSection(ProjectConfigurationPlatforms) = postSolution
		{50BE7D2D-78B5-4674-BDEF-AE21B3D6497E}.Debug|x64.ActiveCfg = Debug|x64
		{50BE7D2D-78B5-4674-BDEF-AE21B3D6497E}.Debug|x64.Build.0 = Debug|x64
		{50BE7D2D-78B5-4674-BDEF-AE21B3D6497E}.Debug|x86.ActiveCfg = Debug|Win32
		{50BE7D2D-78B5-4674-BDEF-AE21B3D6497E}.Debug|x86.Build.0 = Debug|Win32
		{50BE7D2D-78B5-4674-BDEF-AE21B3D6497E}.Release|x64.ActiveCfg = Release|x64
		{50BE7D2D-78B5-4674-BDEF-AE21B3D6497E}.Release|x64.Build.0 = Release|x64
		{50BE7D2D-78B5-4674-BDEF-AE21B3D6497E}.Release|x86.ActiveCfg = Release|Win32
		{50BE7D2D-78B5-4674-BDEF-AE21B3D6497E}.Release|x86.Build.0 = Release|Win32
		{7880A8C1-12D8-4ED0-9876-4831C42A2650}.Debug|x64.ActiveCfg = Debug|x64
		{7880A8C1-12D8-4ED0-9876-4831C42A2650}.Debug|x64.Build.0 = Debug|x64
		{7880A8C1-12D8-4ED0-9876-4831C42A2650}.Debug|x86.ActiveCfg = Debug|Win32
		{7880A8C1-12D8-4ED0-9876-4831C42A2650}.Debug|x86.Build.0 = Debug|Win32
		{7880A8C1-12D8-4ED0-9876-4831C42A2650}.Release|x64.ActiveCfg = Release|x64
		{7880A8C1-12D8-4ED0-9876-4831C42A2650}.Release|x64.Build.0 = Release|x64
		{7880A8C1-12D8-4ED0-9876-4831C42A2650}.Release|x86.ActiveCfg = Release|Win32
		{7880A8C1-12D8-4ED0-9876-4831C42A2650}.Release|x86.Build.0 = Release|Win32
	EndGlobalSection
	GlobalSection(SolutionProperties) = preSolution
		HideSolutionNode = FALSE
	EndGlobalSection
	GlobalSection(ExtensibilityGlobals) = postSolution
		SolutionGuid = {F29CDF9B-3E4D-432C-9E3D-92A2AA1622EA}
	EndGlobalSection
EndGlobal
